
Microsoft Visual Studio Solution File, Format Version 12.00
# Visual Studio 15
VisualStudioVersion = 15.0.28307.852
MinimumVisualStudioVersion = 10.0.40219.1
Project("{FAE04EC0-301F-11D3-BF4B-00C04F79EFBC}") = "Murtlap", "Murtlap\Murtlap.csproj", "{0132E1F6-5035-4AD4-B54F-ACD85ACC5819}"
EndProject
Global
	GlobalSection(SolutionConfigurationPlatforms) = preSolution
		Debug|Any CPU = Debug|Any CPU
		Release|Any CPU = Release|Any CPU
	EndGlobalSection
	GlobalSection(ProjectConfigurationPlatforms) = postSolution
		{0132E1F6-5035-4AD4-B54F-ACD85ACC5819}.Debug|Any CPU.ActiveCfg = Debug|Any CPU
		{0132E1F6-5035-4AD4-B54F-ACD85ACC5819}.Debug|Any CPU.Build.0 = Debug|Any CPU
		{0132E1F6-5035-4AD4-B54F-ACD85ACC5819}.Release|Any CPU.ActiveCfg = Release|Any CPU
		{0132E1F6-5035-4AD4-B54F-ACD85ACC5819}.Release|Any CPU.Build.0 = Release|Any CPU
	EndGlobalSection
	GlobalSection(SolutionProperties) = preSolution
		HideSolutionNode = FALSE
	EndGlobalSection
	GlobalSection(ExtensibilityGlobals) = postSolution
		SolutionGuid = {D06FC354-6397-4B7A-B359-3BE2BF38BFE5}
	EndGlobalSection
EndGlobal
